
Microsoft Visual Studio Solution File, Format Version 12.00
# Visual Studio Version 17
VisualStudioVersion = 17.5.33516.290
MinimumVisualStudioVersion = 10.0.40219.1
Project("{9A19103F-16F7-4668-BE54-9A1E7A4F7556}") = "ConsoleAppDemo", "ConsoleAppDemo\ConsoleAppDemo.csproj", "{5462658A-9A52-422E-9374-D04822F00031}"
EndProject
Project("{9A19103F-16F7-4668-BE54-9A1E7A4F7556}") = "MyLibrary", "MyLibrary\MyLibrary.csproj", "{6109CD0B-CFA5-4B1F-9456-F71E470668C2}"
EndProject
Project("{FAE04EC0-301F-11D3-BF4B-00C04F79EFBC}") = "LibraryFramework", "LibraryFramework\LibraryFramework.csproj", "{93181A29-2C37-43DF-9E02-AC08DFE68D75}"
EndProject
Project("{FAE04EC0-301F-11D3-BF4B-00C04F79EFBC}") = "WebDemoFramework", "WebDemoFramework\WebDemoFramework.csproj", "{E4B13660-FEBD-4FAF-AB3C-99CF796BA7A6}"
EndProject
Project("{FAE04EC0-301F-11D3-BF4B-00C04F79EFBC}") = "ApiFramework", "ApiFramework\ApiFramework.csproj", "{704EA185-832F-4A2F-86B7-930E953DDCFB}"
EndProject
Project("{9A19103F-16F7-4668-BE54-9A1E7A4F7556}") = "BenchmarkTest", "BenchmarkTest\BenchmarkTest.csproj", "{1B948578-7075-4A7B-A52F-A411B76C03E1}"
EndProject
Global
	GlobalSection(SolutionConfigurationPlatforms) = preSolution
		Debug|Any CPU = Debug|Any CPU
		Release|Any CPU = Release|Any CPU
	EndGlobalSection
	GlobalSection(ProjectConfigurationPlatforms) = postSolution
		{5462658A-9A52-422E-9374-D04822F00031}.Debug|Any CPU.ActiveCfg = Debug|Any CPU
		{5462658A-9A52-422E-9374-D04822F00031}.Debug|Any CPU.Build.0 = Debug|Any CPU
		{5462658A-9A52-422E-9374-D04822F00031}.Release|Any CPU.ActiveCfg = Release|Any CPU
		{5462658A-9A52-422E-9374-D04822F00031}.Release|Any CPU.Build.0 = Release|Any CPU
		{6109CD0B-CFA5-4B1F-9456-F71E470668C2}.Debug|Any CPU.ActiveCfg = Debug|Any CPU
		{6109CD0B-CFA5-4B1F-9456-F71E470668C2}.Debug|Any CPU.Build.0 = Debug|Any CPU
		{6109CD0B-CFA5-4B1F-9456-F71E470668C2}.Release|Any CPU.ActiveCfg = Release|Any CPU
		{6109CD0B-CFA5-4B1F-9456-F71E470668C2}.Release|Any CPU.Build.0 = Release|Any CPU
		{93181A29-2C37-43DF-9E02-AC08DFE68D75}.Debug|Any CPU.ActiveCfg = Debug|Any CPU
		{93181A29-2C37-43DF-9E02-AC08DFE68D75}.Debug|Any CPU.Build.0 = Debug|Any CPU
		{93181A29-2C37-43DF-9E02-AC08DFE68D75}.Release|Any CPU.ActiveCfg = Release|Any CPU
		{93181A29-2C37-43DF-9E02-AC08DFE68D75}.Release|Any CPU.Build.0 = Release|Any CPU
		{E4B13660-FEBD-4FAF-AB3C-99CF796BA7A6}.Debug|Any CPU.ActiveCfg = Debug|Any CPU
		{E4B13660-FEBD-4FAF-AB3C-99CF796BA7A6}.Debug|Any CPU.Build.0 = Debug|Any CPU
		{E4B13660-FEBD-4FAF-AB3C-99CF796BA7A6}.Release|Any CPU.ActiveCfg = Release|Any CPU
		{E4B13660-FEBD-4FAF-AB3C-99CF796BA7A6}.Release|Any CPU.Build.0 = Release|Any CPU
		{704EA185-832F-4A2F-86B7-930E953DDCFB}.Debug|Any CPU.ActiveCfg = Debug|Any CPU
		{704EA185-832F-4A2F-86B7-930E953DDCFB}.Debug|Any CPU.Build.0 = Debug|Any CPU
		{704EA185-832F-4A2F-86B7-930E953DDCFB}.Release|Any CPU.ActiveCfg = Release|Any CPU
		{704EA185-832F-4A2F-86B7-930E953DDCFB}.Release|Any CPU.Build.0 = Release|Any CPU
		{1B948578-7075-4A7B-A52F-A411B76C03E1}.Debug|Any CPU.ActiveCfg = Debug|Any CPU
		{1B948578-7075-4A7B-A52F-A411B76C03E1}.Debug|Any CPU.Build.0 = Debug|Any CPU
		{1B948578-7075-4A7B-A52F-A411B76C03E1}.Release|Any CPU.ActiveCfg = Release|Any CPU
		{1B948578-7075-4A7B-A52F-A411B76C03E1}.Release|Any CPU.Build.0 = Release|Any CPU
	EndGlobalSection
	GlobalSection(SolutionProperties) = preSolution
		HideSolutionNode = FALSE
	EndGlobalSection
	GlobalSection(ExtensibilityGlobals) = postSolution
		SolutionGuid = {5B2DADC6-BC00-42A1-BE5C-84792AF02274}
	EndGlobalSection
EndGlobal
