
Microsoft Visual Studio Solution File, Format Version 12.00
# Visual Studio Version 17
VisualStudioVersion = 17.5.33516.290
MinimumVisualStudioVersion = 10.0.40219.1
Project("{9A19103F-16F7-4668-BE54-9A1E7A4F7556}") = "ConsoleApp", "ConsoleApp\ConsoleApp.csproj", "{5462658A-9A52-422E-9374-D04822F00031}"
EndProject
Project("{9A19103F-16F7-4668-BE54-9A1E7A4F7556}") = "Library", "Library\Library.csproj", "{6109CD0B-CFA5-4B1F-9456-F71E470668C2}"
EndProject
Project("{FAE04EC0-301F-11D3-BF4B-00C04F79EFBC}") = "LibraryFramework", "LibraryFramework\LibraryFramework.csproj", "{93181A29-2C37-43DF-9E02-AC08DFE68D75}"
EndProject
Project("{FAE04EC0-301F-11D3-BF4B-00C04F79EFBC}") = "WebDemoFramework", "WebDemoFramework\WebDemoFramework.csproj", "{E4B13660-FEBD-4FAF-AB3C-99CF796BA7A6}"
EndProject
Project("{9A19103F-16F7-4668-BE54-9A1E7A4F7556}") = "BenchmarkTest", "BenchmarkTest\BenchmarkTest.csproj", "{1B948578-7075-4A7B-A52F-A411B76C03E1}"
EndProject
Project("{9A19103F-16F7-4668-BE54-9A1E7A4F7556}") = "WebDemo", "WebDemo\WebDemo.csproj", "{08DDCAEE-5F92-4165-A3C0-B920DA98F437}"
EndProject
Project("{9A19103F-16F7-4668-BE54-9A1E7A4F7556}") = "ConsoleApp_Net", "ConsoleApp_Net\ConsoleApp_Net.csproj", "{48235FB1-3864-41A7-82EC-A2FCCC674E59}"
EndProject
Project("{9A19103F-16F7-4668-BE54-9A1E7A4F7556}") = "Universe", "Universe\Universe.csproj", "{3EFA9713-EBC2-43DE-8479-73FF00B8064F}"
EndProject
Project("{9A19103F-16F7-4668-BE54-9A1E7A4F7556}") = "UniverseWindows", "UniverseWindows\UniverseWindows.csproj", "{950EE713-73B2-4FC1-A74B-82CA8DA8EE91}"
EndProject
Project("{2150E333-8FDC-42A3-9474-1A3956D46DE8}") = "Example", "Example", "{FEEE14F0-214A-4E00-ABEF-3B0EBE302C6B}"
EndProject
Project("{9A19103F-16F7-4668-BE54-9A1E7A4F7556}") = "用字串建立類別實例_介面", "Example\用字串建立類別實例_介面\用字串建立類別實例_介面.csproj", "{15920BAB-296E-4919-8A58-F13D04B823A3}"
EndProject
Project("{9A19103F-16F7-4668-BE54-9A1E7A4F7556}") = "用字串建立類別實例_繼承", "Example\用字串建立類別實例_繼承\用字串建立類別實例_繼承.csproj", "{59D09F5A-C5BF-4788-B479-FDD86E819CCA}"
EndProject
Project("{9A19103F-16F7-4668-BE54-9A1E7A4F7556}") = "動態載入類別", "Example\動態載入類別\動態載入類別.csproj", "{D02002C5-8E5C-4E20-B050-67B91817F7EF}"
EndProject
Project("{FAE04EC0-301F-11D3-BF4B-00C04F79EFBC}") = "取得類別和方法名稱", "Example\取得類別和方法名稱\取得類別和方法名稱.csproj", "{35739D75-0513-4148-B4E5-136AD760E69B}"
EndProject
Global
	GlobalSection(SolutionConfigurationPlatforms) = preSolution
		Debug|Any CPU = Debug|Any CPU
		Release|Any CPU = Release|Any CPU
	EndGlobalSection
	GlobalSection(ProjectConfigurationPlatforms) = postSolution
		{5462658A-9A52-422E-9374-D04822F00031}.Debug|Any CPU.ActiveCfg = Debug|Any CPU
		{5462658A-9A52-422E-9374-D04822F00031}.Debug|Any CPU.Build.0 = Debug|Any CPU
		{5462658A-9A52-422E-9374-D04822F00031}.Release|Any CPU.ActiveCfg = Release|Any CPU
		{5462658A-9A52-422E-9374-D04822F00031}.Release|Any CPU.Build.0 = Release|Any CPU
		{6109CD0B-CFA5-4B1F-9456-F71E470668C2}.Debug|Any CPU.ActiveCfg = Debug|Any CPU
		{6109CD0B-CFA5-4B1F-9456-F71E470668C2}.Debug|Any CPU.Build.0 = Debug|Any CPU
		{6109CD0B-CFA5-4B1F-9456-F71E470668C2}.Release|Any CPU.ActiveCfg = Release|Any CPU
		{6109CD0B-CFA5-4B1F-9456-F71E470668C2}.Release|Any CPU.Build.0 = Release|Any CPU
		{93181A29-2C37-43DF-9E02-AC08DFE68D75}.Debug|Any CPU.ActiveCfg = Debug|Any CPU
		{93181A29-2C37-43DF-9E02-AC08DFE68D75}.Debug|Any CPU.Build.0 = Debug|Any CPU
		{93181A29-2C37-43DF-9E02-AC08DFE68D75}.Release|Any CPU.ActiveCfg = Release|Any CPU
		{93181A29-2C37-43DF-9E02-AC08DFE68D75}.Release|Any CPU.Build.0 = Release|Any CPU
		{E4B13660-FEBD-4FAF-AB3C-99CF796BA7A6}.Debug|Any CPU.ActiveCfg = Debug|Any CPU
		{E4B13660-FEBD-4FAF-AB3C-99CF796BA7A6}.Debug|Any CPU.Build.0 = Debug|Any CPU
		{E4B13660-FEBD-4FAF-AB3C-99CF796BA7A6}.Release|Any CPU.ActiveCfg = Release|Any CPU
		{E4B13660-FEBD-4FAF-AB3C-99CF796BA7A6}.Release|Any CPU.Build.0 = Release|Any CPU
		{1B948578-7075-4A7B-A52F-A411B76C03E1}.Debug|Any CPU.ActiveCfg = Debug|Any CPU
		{1B948578-7075-4A7B-A52F-A411B76C03E1}.Debug|Any CPU.Build.0 = Debug|Any CPU
		{1B948578-7075-4A7B-A52F-A411B76C03E1}.Release|Any CPU.ActiveCfg = Release|Any CPU
		{1B948578-7075-4A7B-A52F-A411B76C03E1}.Release|Any CPU.Build.0 = Release|Any CPU
		{08DDCAEE-5F92-4165-A3C0-B920DA98F437}.Debug|Any CPU.ActiveCfg = Debug|Any CPU
		{08DDCAEE-5F92-4165-A3C0-B920DA98F437}.Debug|Any CPU.Build.0 = Debug|Any CPU
		{08DDCAEE-5F92-4165-A3C0-B920DA98F437}.Release|Any CPU.ActiveCfg = Release|Any CPU
		{08DDCAEE-5F92-4165-A3C0-B920DA98F437}.Release|Any CPU.Build.0 = Release|Any CPU
		{48235FB1-3864-41A7-82EC-A2FCCC674E59}.Debug|Any CPU.ActiveCfg = Debug|Any CPU
		{48235FB1-3864-41A7-82EC-A2FCCC674E59}.Debug|Any CPU.Build.0 = Debug|Any CPU
		{48235FB1-3864-41A7-82EC-A2FCCC674E59}.Release|Any CPU.ActiveCfg = Release|Any CPU
		{48235FB1-3864-41A7-82EC-A2FCCC674E59}.Release|Any CPU.Build.0 = Release|Any CPU
		{3EFA9713-EBC2-43DE-8479-73FF00B8064F}.Debug|Any CPU.ActiveCfg = Debug|Any CPU
		{3EFA9713-EBC2-43DE-8479-73FF00B8064F}.Debug|Any CPU.Build.0 = Debug|Any CPU
		{3EFA9713-EBC2-43DE-8479-73FF00B8064F}.Release|Any CPU.ActiveCfg = Release|Any CPU
		{3EFA9713-EBC2-43DE-8479-73FF00B8064F}.Release|Any CPU.Build.0 = Release|Any CPU
		{950EE713-73B2-4FC1-A74B-82CA8DA8EE91}.Debug|Any CPU.ActiveCfg = Debug|Any CPU
		{950EE713-73B2-4FC1-A74B-82CA8DA8EE91}.Debug|Any CPU.Build.0 = Debug|Any CPU
		{950EE713-73B2-4FC1-A74B-82CA8DA8EE91}.Release|Any CPU.ActiveCfg = Release|Any CPU
		{950EE713-73B2-4FC1-A74B-82CA8DA8EE91}.Release|Any CPU.Build.0 = Release|Any CPU
		{15920BAB-296E-4919-8A58-F13D04B823A3}.Debug|Any CPU.ActiveCfg = Debug|Any CPU
		{15920BAB-296E-4919-8A58-F13D04B823A3}.Debug|Any CPU.Build.0 = Debug|Any CPU
		{15920BAB-296E-4919-8A58-F13D04B823A3}.Release|Any CPU.ActiveCfg = Release|Any CPU
		{15920BAB-296E-4919-8A58-F13D04B823A3}.Release|Any CPU.Build.0 = Release|Any CPU
		{59D09F5A-C5BF-4788-B479-FDD86E819CCA}.Debug|Any CPU.ActiveCfg = Debug|Any CPU
		{59D09F5A-C5BF-4788-B479-FDD86E819CCA}.Debug|Any CPU.Build.0 = Debug|Any CPU
		{59D09F5A-C5BF-4788-B479-FDD86E819CCA}.Release|Any CPU.ActiveCfg = Release|Any CPU
		{59D09F5A-C5BF-4788-B479-FDD86E819CCA}.Release|Any CPU.Build.0 = Release|Any CPU
		{D02002C5-8E5C-4E20-B050-67B91817F7EF}.Debug|Any CPU.ActiveCfg = Debug|Any CPU
		{D02002C5-8E5C-4E20-B050-67B91817F7EF}.Debug|Any CPU.Build.0 = Debug|Any CPU
		{D02002C5-8E5C-4E20-B050-67B91817F7EF}.Release|Any CPU.ActiveCfg = Release|Any CPU
		{D02002C5-8E5C-4E20-B050-67B91817F7EF}.Release|Any CPU.Build.0 = Release|Any CPU
		{35739D75-0513-4148-B4E5-136AD760E69B}.Debug|Any CPU.ActiveCfg = Debug|Any CPU
		{35739D75-0513-4148-B4E5-136AD760E69B}.Debug|Any CPU.Build.0 = Debug|Any CPU
		{35739D75-0513-4148-B4E5-136AD760E69B}.Release|Any CPU.ActiveCfg = Release|Any CPU
		{35739D75-0513-4148-B4E5-136AD760E69B}.Release|Any CPU.Build.0 = Release|Any CPU
	EndGlobalSection
	GlobalSection(SolutionProperties) = preSolution
		HideSolutionNode = FALSE
	EndGlobalSection
	GlobalSection(NestedProjects) = preSolution
		{15920BAB-296E-4919-8A58-F13D04B823A3} = {FEEE14F0-214A-4E00-ABEF-3B0EBE302C6B}
		{59D09F5A-C5BF-4788-B479-FDD86E819CCA} = {FEEE14F0-214A-4E00-ABEF-3B0EBE302C6B}
		{D02002C5-8E5C-4E20-B050-67B91817F7EF} = {FEEE14F0-214A-4E00-ABEF-3B0EBE302C6B}
		{35739D75-0513-4148-B4E5-136AD760E69B} = {FEEE14F0-214A-4E00-ABEF-3B0EBE302C6B}
	EndGlobalSection
	GlobalSection(ExtensibilityGlobals) = postSolution
		SolutionGuid = {5B2DADC6-BC00-42A1-BE5C-84792AF02274}
	EndGlobalSection
EndGlobal
